[root]
name = "vorbis"
version = "0.0.1"
dependencies = [
 "openal-rs 0.0.1 (git+https://github.com/bjz/openal-rs)",
 "vorbisfile-sys 0.0.1 (git+https://github.com/tomaka/vorbisfile-sys)",
]

[[package]]
name = "gcc"
version = "0.0.1"
source = "git+https://github.com/alexcrichton/gcc-rs#bbac8c3839437ba70b0ccc714399548f083f20c3"

[[package]]
name = "ogg-sys"
version = "0.0.1"
source = "git+https://github.com/tomaka/ogg-sys#888111da2690bebe5eb2d3bcc21533aa284153ca"
dependencies = [
 "gcc 0.0.1 (git+https://github.com/alexcrichton/gcc-rs)",
]

[[package]]
name = "openal-rs"
version = "0.0.1"
source = "git+https://github.com/bjz/openal-rs#b60ba833fcf0676a4eb442febaa1945a14941bf4"

[[package]]
name = "vorbis-sys"
version = "0.0.1"
source = "git+https://github.com/tomaka/vorbis-sys#53266b9dbcb5e63a48f497a403d295a1508fc6fd"
dependencies = [
 "gcc 0.0.1 (git+https://github.com/alexcrichton/gcc-rs)",
 "ogg-sys 0.0.1 (git+https://github.com/tomaka/ogg-sys)",
]

[[package]]
name = "vorbisfile-sys"
version = "0.0.1"
source = "git+https://github.com/tomaka/vorbisfile-sys#e40de4f5a82c49f440dde83c107686faeca097c0"
dependencies = [
 "gcc 0.0.1 (git+https://github.com/alexcrichton/gcc-rs)",
 "ogg-sys 0.0.1 (git+https://github.com/tomaka/ogg-sys)",
 "vorbis-sys 0.0.1 (git+https://github.com/tomaka/vorbis-sys)",
]

